
Microsoft Visual Studio Solution File, Format Version 12.00
# Visual Studio 14
VisualStudioVersion = 14.0.25420.1
MinimumVisualStudioVersion = 10.0.40219.1
Project("{FAE04EC0-301F-11D3-BF4B-00C04F79EFBC}") = "VeritabaniIslemleri", "VeritabaniIslemleri\VeritabaniIslemleri.csproj", "{C145A623-7422-4059-B5DE-9BFE4D5F9834}"
EndProject
Project("{00D1A9C2-B5F0-4AF3-8072-F6C62B433612}") = "Veritabani", "Veritabani\Veritabani.sqlproj", "{D5DFE7AB-0EA4-4587-B6E8-01ACBB8FEAB4}"
EndProject
Global
	GlobalSection(SolutionConfigurationPlatforms) = preSolution
		Debug|Any CPU = Debug|Any CPU
		Release|Any CPU = Release|Any CPU
	EndGlobalSection
	GlobalSection(ProjectConfigurationPlatforms) = postSolution
		{C145A623-7422-4059-B5DE-9BFE4D5F9834}.Debug|Any CPU.ActiveCfg = Debug|Any CPU
		{C145A623-7422-4059-B5DE-9BFE4D5F9834}.Debug|Any CPU.Build.0 = Debug|Any CPU
		{C145A623-7422-4059-B5DE-9BFE4D5F9834}.Release|Any CPU.ActiveCfg = Release|Any CPU
		{C145A623-7422-4059-B5DE-9BFE4D5F9834}.Release|Any CPU.Build.0 = Release|Any CPU
		{D5DFE7AB-0EA4-4587-B6E8-01ACBB8FEAB4}.Debug|Any CPU.ActiveCfg = Debug|Any CPU
		{D5DFE7AB-0EA4-4587-B6E8-01ACBB8FEAB4}.Debug|Any CPU.Build.0 = Debug|Any CPU
		{D5DFE7AB-0EA4-4587-B6E8-01ACBB8FEAB4}.Debug|Any CPU.Deploy.0 = Debug|Any CPU
		{D5DFE7AB-0EA4-4587-B6E8-01ACBB8FEAB4}.Release|Any CPU.ActiveCfg = Release|Any CPU
		{D5DFE7AB-0EA4-4587-B6E8-01ACBB8FEAB4}.Release|Any CPU.Build.0 = Release|Any CPU
		{D5DFE7AB-0EA4-4587-B6E8-01ACBB8FEAB4}.Release|Any CPU.Deploy.0 = Release|Any CPU
	EndGlobalSection
	GlobalSection(SolutionProperties) = preSolution
		HideSolutionNode = FALSE
	EndGlobalSection
EndGlobal
